
Microsoft Visual Studio Solution File, Format Version 12.00
# Visual Studio Version 17
VisualStudioVersion = 17.11.35219.272
MinimumVisualStudioVersion = 10.0.40219.1
Project("{888888A0-9F3D-457C-B088-3A5042F75D52}") = "Sone ja jarjesti funktsioonid", "Sone ja jarjesti funktsioonid.pyproj", "{BEC7791A-3C7D-4942-8C0D-8A72B9CA7531}"
EndProject
Global
	GlobalSection(SolutionConfigurationPlatforms) = preSolution
		Debug|Any CPU = Debug|Any CPU
		Release|Any CPU = Release|Any CPU
	EndGlobalSection
	GlobalSection(ProjectConfigurationPlatforms) = postSolution
		{BEC7791A-3C7D-4942-8C0D-8A72B9CA7531}.Debug|Any CPU.ActiveCfg = Debug|Any CPU
		{BEC7791A-3C7D-4942-8C0D-8A72B9CA7531}.Release|Any CPU.ActiveCfg = Release|Any CPU
	EndGlobalSection
	GlobalSection(SolutionProperties) = preSolution
		HideSolutionNode = FALSE
	EndGlobalSection
	GlobalSection(ExtensibilityGlobals) = postSolution
		SolutionGuid = {6E5DBF1C-F256-4519-972D-8573F0B1465E}
	EndGlobalSection
EndGlobal
